{
  "name": "xcss-test",
  "lockfileVersion": 3,
  "requires": true,
  "packages": {
    "": {
      "dependencies": {
        "xcss-lang": "^0.2.2"
      }
    },
    "node_modules/fs": {
      "version": "0.0.1-security",
      "resolved": "https://registry.npmjs.org/fs/-/fs-0.0.1-security.tgz",
      "integrity": "sha512-3XY9e1pP0CVEUCdj5BmfIZxRBTSDycnbqhIOGec9QYtmVH2fbLpj86CFWkrNOkt/Fvty4KZG5lTglL9j/gJ87w=="
    },
    "node_modules/xcss-lang": {
      "version": "0.2.2",
      "resolved": "https://registry.npmjs.org/xcss-lang/-/xcss-lang-0.2.2.tgz",
      "integrity": "sha512-ap6ZJT+ixYbEo5tT6epO5Mlke8jsZlzSWqusME02O8r3oW9UElQao8/+w+qJbmcd0SDvrbWxOUJvwDSGC8wQVA==",
      "dependencies": {
        "fs": "^0.0.1-security"
      }
    }
  }
}
