{
  "name": "xcss-test",
  "lockfileVersion": 3,
  "requires": true,
  "packages": {
    "": {
      "dependencies": {
        "xcss-lang": "^0.2.3"
      }
    },
    "node_modules/fs": {
      "version": "0.0.1-security",
      "resolved": "https://registry.npmjs.org/fs/-/fs-0.0.1-security.tgz",
      "integrity": "sha512-3XY9e1pP0CVEUCdj5BmfIZxRBTSDycnbqhIOGec9QYtmVH2fbLpj86CFWkrNOkt/Fvty4KZG5lTglL9j/gJ87w=="
    },
    "node_modules/xcss-lang": {
      "version": "0.2.3",
      "resolved": "https://registry.npmjs.org/xcss-lang/-/xcss-lang-0.2.3.tgz",
      "integrity": "sha512-5J1Cso1S2X9f/GtpLlaqy2qhAt4I7cNSMORSFaJ6HI+7uJTrbHv1pI/fNT2gHmhUTx6c7rBjcG2DxUYGCCBnhQ==",
      "dependencies": {
        "fs": "^0.0.1-security",
        "xcss-lang": "^0.2.2"
      }
    }
  }
}
